
Microsoft Visual Studio Solution File, Format Version 12.00
# Visual Studio Version 17
VisualStudioVersion = 17.5.33402.96
MinimumVisualStudioVersion = 10.0.40219.1
Project("{8BC9CEB8-8B4A-11D0-8D11-00A0C91BC942}") = "Stub", "Stub\Stub.vcxproj", "{49D4A29F-61D9-4DA8-BCAC-C98A6D66BD51}"
EndProject
Global
	GlobalSection(SolutionConfigurationPlatforms) = preSolution
		Debug|x64 = Debug|x64
		Debug|x86 = Debug|x86
		Release|x64 = Release|x64
		Release|x86 = Release|x86
	EndGlobalSection
	GlobalSection(ProjectConfigurationPlatforms) = postSolution
		{49D4A29F-61D9-4DA8-BCAC-C98A6D66BD51}.Debug|x64.ActiveCfg = Debug|x64
		{49D4A29F-61D9-4DA8-BCAC-C98A6D66BD51}.Debug|x64.Build.0 = Debug|x64
		{49D4A29F-61D9-4DA8-BCAC-C98A6D66BD51}.Debug|x86.ActiveCfg = Debug|Win32
		{49D4A29F-61D9-4DA8-BCAC-C98A6D66BD51}.Debug|x86.Build.0 = Debug|Win32
		{49D4A29F-61D9-4DA8-BCAC-C98A6D66BD51}.Release|x64.ActiveCfg = Release|x64
		{49D4A29F-61D9-4DA8-BCAC-C98A6D66BD51}.Release|x64.Build.0 = Release|x64
		{49D4A29F-61D9-4DA8-BCAC-C98A6D66BD51}.Release|x86.ActiveCfg = Release|Win32
		{49D4A29F-61D9-4DA8-BCAC-C98A6D66BD51}.Release|x86.Build.0 = Release|Win32
	EndGlobalSection
	GlobalSection(SolutionProperties) = preSolution
		HideSolutionNode = FALSE
	EndGlobalSection
	GlobalSection(ExtensibilityGlobals) = postSolution
		SolutionGuid = {9246FD30-A62D-4DE7-B5B6-BCD7A2E768F5}
	EndGlobalSection
EndGlobal
